
Microsoft Visual Studio Solution File, Format Version 12.00
# Visual Studio Version 17
VisualStudioVersion = 17.2.32526.322
MinimumVisualStudioVersion = 10.0.40219.1
Project("{FAE04EC0-301F-11D3-BF4B-00C04F79EFBC}") = "WpfApp1", "WpfApp1.csproj", "{8F196840-E9F1-4304-A1E0-DC95B918C4DD}"
EndProject
Project("{2150E333-8FDC-42A3-9474-1A3956D46DE8}") = "Solution Items", "Solution Items", "{125EC38B-29B7-4274-B15D-C9712FA40C9E}"
	ProjectSection(SolutionItems) = preProject
		people.csv = people.csv
		PeopleDataClass.cs = PeopleDataClass.cs
	EndProjectSection
EndProject
Global
	GlobalSection(SolutionConfigurationPlatforms) = preSolution
		Debug|Any CPU = Debug|Any CPU
		Release|Any CPU = Release|Any CPU
	EndGlobalSection
	GlobalSection(ProjectConfigurationPlatforms) = postSolution
		{8F196840-E9F1-4304-A1E0-DC95B918C4DD}.Debug|Any CPU.ActiveCfg = Debug|Any CPU
		{8F196840-E9F1-4304-A1E0-DC95B918C4DD}.Debug|Any CPU.Build.0 = Debug|Any CPU
		{8F196840-E9F1-4304-A1E0-DC95B918C4DD}.Release|Any CPU.ActiveCfg = Release|Any CPU
		{8F196840-E9F1-4304-A1E0-DC95B918C4DD}.Release|Any CPU.Build.0 = Release|Any CPU
	EndGlobalSection
	GlobalSection(SolutionProperties) = preSolution
		HideSolutionNode = FALSE
	EndGlobalSection
	GlobalSection(ExtensibilityGlobals) = postSolution
		SolutionGuid = {6EF2CD27-8AD5-4B17-88DF-5B3BEAA32363}
	EndGlobalSection
EndGlobal
